
Microsoft Visual Studio Solution File, Format Version 12.00
# Visual Studio Version 17
VisualStudioVersion = 17.14.36301.6
MinimumVisualStudioVersion = 10.0.40219.1
Project("{FAE04EC0-301F-11D3-BF4B-00C04F79EFBC}") = "TFTCalculator", "TFTCalculator\TFTCalculator.csproj", "{14EDD19D-0FBA-4124-98B1-C8098629C322}"
EndProject
Project("{FAE04EC0-301F-11D3-BF4B-00C04F79EFBC}") = "TFTCalculatorModel", "TFTCalculatorModel\TFTCalculatorModel.csproj", "{FEA2FE4F-2E4F-489B-9FEF-0249CE657A46}"
EndProject
Global
	GlobalSection(SolutionConfigurationPlatforms) = preSolution
		Debug|Any CPU = Debug|Any CPU
		Release|Any CPU = Release|Any CPU
	EndGlobalSection
	GlobalSection(ProjectConfigurationPlatforms) = postSolution
		{14EDD19D-0FBA-4124-98B1-C8098629C322}.Debug|Any CPU.ActiveCfg = Release|Any CPU
		{14EDD19D-0FBA-4124-98B1-C8098629C322}.Debug|Any CPU.Build.0 = Release|Any CPU
		{14EDD19D-0FBA-4124-98B1-C8098629C322}.Release|Any CPU.ActiveCfg = Release|Any CPU
		{14EDD19D-0FBA-4124-98B1-C8098629C322}.Release|Any CPU.Build.0 = Release|Any CPU
		{FEA2FE4F-2E4F-489B-9FEF-0249CE657A46}.Debug|Any CPU.ActiveCfg = Release|Any CPU
		{FEA2FE4F-2E4F-489B-9FEF-0249CE657A46}.Debug|Any CPU.Build.0 = Release|Any CPU
		{FEA2FE4F-2E4F-489B-9FEF-0249CE657A46}.Release|Any CPU.ActiveCfg = Release|Any CPU
		{FEA2FE4F-2E4F-489B-9FEF-0249CE657A46}.Release|Any CPU.Build.0 = Release|Any CPU
	EndGlobalSection
	GlobalSection(SolutionProperties) = preSolution
		HideSolutionNode = FALSE
	EndGlobalSection
	GlobalSection(ExtensibilityGlobals) = postSolution
		SolutionGuid = {7BFCBE03-9EF5-433E-AE44-00E231323566}
	EndGlobalSection
EndGlobal
